// !$*UTF8*$!
{
	archiveVersion = 1;
	classes = {
	};
	objectVersion = 46;
	objects = {

/* Begin PBXBuildFile section */
		2D8C39391F8BD59C0007924A /* AddressBookItemCellTest.m in Sources */ = {isa = PBXBuildFile; fileRef = 2D8C39381F8BD59C0007924A /* AddressBookItemCellTest.m */; };
		2D95D9061F7FDD2B0011D7AB /* main.m in Sources */ = {isa = PBXBuildFile; fileRef = 2D95D9051F7FDD2B0011D7AB /* main.m */; };
		2D95D9091F7FDD2B0011D7AB /* AppDelegate.m in Sources */ = {isa = PBXBuildFile; fileRef = 2D95D9081F7FDD2B0011D7AB /* AppDelegate.m */; };
		2D95D9111F7FDD2B0011D7AB /* Assets.xcassets in Resources */ = {isa = PBXBuildFile; fileRef = 2D95D9101F7FDD2B0011D7AB /* Assets.xcassets */; };
		2D95D9231F7FE57D0011D7AB /* UIView+TUMLayout.m in Sources */ = {isa = PBXBuildFile; fileRef = 2D95D9221F7FE57D0011D7AB /* UIView+TUMLayout.m */; };
		2DD6C0BE1F8298CF002443C6 /* addressBook.json in Resources */ = {isa = PBXBuildFile; fileRef = 2DE8A7371F80E530004B8D15 /* addressBook.json */; };
		2DE8A7381F80E530004B8D15 /* addressBook.json in Resources */ = {isa = PBXBuildFile; fileRef = 2DE8A7371F80E530004B8D15 /* addressBook.json */; };
/* End PBXBuildFile section */

/* Begin PBXContainerItemProxy section */
		2DE8A7311F80E203004B8D15 /* PBXContainerItemProxy */ = {
			isa = PBXContainerItemProxy;
			containerPortal = 2D95D8F91F7FDD2B0011D7AB /* Project object */;
			proxyType = 1;
			remoteGlobalIDString = 2D95D9001F7FDD2B0011D7AB;
			remoteInfo = StudyDesignPattern;
		};
/* End PBXContainerItemProxy section */

/* Begin PBXFileReference section */
		2D8C39381F8BD59C0007924A /* AddressBookItemCellTest.m */ = {isa = PBXFileReference; fileEncoding = 4; lastKnownFileType = sourcecode.c.objc; path = AddressBookItemCellTest.m; sourceTree = "<group>"; };
		2D95D9011F7FDD2B0011D7AB /* StudyDesignPattern.app */ = {isa = PBXFileReference; explicitFileType = wrapper.application; includeInIndex = 0; path = StudyDesignPattern.app; sourceTree = BUILT_PRODUCTS_DIR; };
		2D95D9051F7FDD2B0011D7AB /* main.m */ = {isa = PBXFileReference; lastKnownFileType = sourcecode.c.objc; path = main.m; sourceTree = "<group>"; };
		2D95D9071F7FDD2B0011D7AB /* AppDelegate.h */ = {isa = PBXFileReference; lastKnownFileType = sourcecode.c.h; path = AppDelegate.h; sourceTree = "<group>"; };
		2D95D9081F7FDD2B0011D7AB /* AppDelegate.m */ = {isa = PBXFileReference; lastKnownFileType = sourcecode.c.objc; path = AppDelegate.m; sourceTree = "<group>"; };
		2D95D9101F7FDD2B0011D7AB /* Assets.xcassets */ = {isa = PBXFileReference; lastKnownFileType = folder.assetcatalog; path = Assets.xcassets; sourceTree = "<group>"; };
		2D95D9151F7FDD2B0011D7AB /* Info.plist */ = {isa = PBXFileReference; lastKnownFileType = text.plist.xml; path = Info.plist; sourceTree = "<group>"; };
		2D95D9211F7FE57D0011D7AB /* UIView+TUMLayout.h */ = {isa = PBXFileReference; fileEncoding = 4; lastKnownFileType = sourcecode.c.h; path = "UIView+TUMLayout.h"; sourceTree = "<group>"; };
		2D95D9221F7FE57D0011D7AB /* UIView+TUMLayout.m */ = {isa = PBXFileReference; fileEncoding = 4; lastKnownFileType = sourcecode.c.objc; path = "UIView+TUMLayout.m"; sourceTree = "<group>"; };
		2DE8A72C1F80E203004B8D15 /* StudyDesignPatternTests.xctest */ = {isa = PBXFileReference; explicitFileType = wrapper.cfbundle; includeInIndex = 0; path = StudyDesignPatternTests.xctest; sourceTree = BUILT_PRODUCTS_DIR; };
		2DE8A7301F80E203004B8D15 /* Info.plist */ = {isa = PBXFileReference; lastKnownFileType = text.plist.xml; path = Info.plist; sourceTree = "<group>"; };
		2DE8A7371F80E530004B8D15 /* addressBook.json */ = {isa = PBXFileReference; fileEncoding = 4; lastKnownFileType = text.json; path = addressBook.json; sourceTree = "<group>"; };
/* End PBXFileReference section */

/* Begin PBXFrameworksBuildPhase section */
		2D95D8FE1F7FDD2B0011D7AB /* Frameworks */ = {
			isa = PBXFrameworksBuildPhase;
			buildActionMask = 2147483647;
			files = (
			);
			runOnlyForDeploymentPostprocessing = 0;
		};
		2DE8A7291F80E203004B8D15 /* Frameworks */ = {
			isa = PBXFrameworksBuildPhase;
			buildActionMask = 2147483647;
			files = (
			);
			runOnlyForDeploymentPostprocessing = 0;
		};
/* End PBXFrameworksBuildPhase section */

/* Begin PBXGroup section */
		2D48FC091FAB4F3B0029266A /* Common */ = {
			isa = PBXGroup;
			children = (
				2D48FC0A1FAB4F480029266A /* Util */,
			);
			name = Common;
			sourceTree = "<group>";
		};
		2D48FC0A1FAB4F480029266A /* Util */ = {
			isa = PBXGroup;
			children = (
				2D95D9211F7FE57D0011D7AB /* UIView+TUMLayout.h */,
				2D95D9221F7FE57D0011D7AB /* UIView+TUMLayout.m */,
			);
			name = Util;
			sourceTree = "<group>";
		};
		2D4ABD6D1FAAD89A0000107E /* List */ = {
			isa = PBXGroup;
			children = (
			);
			name = List;
			sourceTree = "<group>";
		};
		2D4ABD6E1FAAD8A30000107E /* Detail */ = {
			isa = PBXGroup;
			children = (
			);
			name = Detail;
			sourceTree = "<group>";
		};
		2D95D8F81F7FDD2B0011D7AB = {
			isa = PBXGroup;
			children = (
				2D95D9031F7FDD2B0011D7AB /* StudyDesignPattern */,
				2DE8A72D1F80E203004B8D15 /* StudyDesignPatternTests */,
				2D95D9021F7FDD2B0011D7AB /* Products */,
			);
			sourceTree = "<group>";
		};
		2D95D9021F7FDD2B0011D7AB /* Products */ = {
			isa = PBXGroup;
			children = (
				2D95D9011F7FDD2B0011D7AB /* StudyDesignPattern.app */,
				2DE8A72C1F80E203004B8D15 /* StudyDesignPatternTests.xctest */,
			);
			name = Products;
			sourceTree = "<group>";
		};
		2D95D9031F7FDD2B0011D7AB /* StudyDesignPattern */ = {
			isa = PBXGroup;
			children = (
				2D48FC091FAB4F3B0029266A /* Common */,
				2D4ABD6E1FAAD8A30000107E /* Detail */,
				2D4ABD6D1FAAD89A0000107E /* List */,
				2D95D9071F7FDD2B0011D7AB /* AppDelegate.h */,
				2D95D9081F7FDD2B0011D7AB /* AppDelegate.m */,
				2D95D9101F7FDD2B0011D7AB /* Assets.xcassets */,
				2D95D9041F7FDD2B0011D7AB /* Supporting Files */,
			);
			path = StudyDesignPattern;
			sourceTree = "<group>";
		};
		2D95D9041F7FDD2B0011D7AB /* Supporting Files */ = {
			isa = PBXGroup;
			children = (
				2D95D9151F7FDD2B0011D7AB /* Info.plist */,
				2D95D9051F7FDD2B0011D7AB /* main.m */,
			);
			name = "Supporting Files";
			sourceTree = "<group>";
		};
		2DE8A72D1F80E203004B8D15 /* StudyDesignPatternTests */ = {
			isa = PBXGroup;
			children = (
				2DE8A7361F80E516004B8D15 /* JSON */,
				2DE8A7301F80E203004B8D15 /* Info.plist */,
				2D8C39381F8BD59C0007924A /* AddressBookItemCellTest.m */,
			);
			path = StudyDesignPatternTests;
			sourceTree = "<group>";
		};
		2DE8A7361F80E516004B8D15 /* JSON */ = {
			isa = PBXGroup;
			children = (
				2DE8A7371F80E530004B8D15 /* addressBook.json */,
			);
			name = JSON;
			sourceTree = "<group>";
		};
/* End PBXGroup section */

/* Begin PBXNativeTarget section */
		2D95D9001F7FDD2B0011D7AB /* StudyDesignPattern */ = {
			isa = PBXNativeTarget;
			buildConfigurationList = 2D95D9181F7FDD2B0011D7AB /* Build configuration list for PBXNativeTarget "StudyDesignPattern" */;
			buildPhases = (
				2D95D8FD1F7FDD2B0011D7AB /* Sources */,
				2D95D8FE1F7FDD2B0011D7AB /* Frameworks */,
				2D95D8FF1F7FDD2B0011D7AB /* Resources */,
			);
			buildRules = (
			);
			dependencies = (
			);
			name = StudyDesignPattern;
			productName = StudyDesignPattern;
			productReference = 2D95D9011F7FDD2B0011D7AB /* StudyDesignPattern.app */;
			productType = "com.apple.product-type.application";
		};
		2DE8A72B1F80E203004B8D15 /* StudyDesignPatternTests */ = {
			isa = PBXNativeTarget;
			buildConfigurationList = 2DE8A7351F80E203004B8D15 /* Build configuration list for PBXNativeTarget "StudyDesignPatternTests" */;
			buildPhases = (
				2DE8A7281F80E203004B8D15 /* Sources */,
				2DE8A7291F80E203004B8D15 /* Frameworks */,
				2DE8A72A1F80E203004B8D15 /* Resources */,
			);
			buildRules = (
			);
			dependencies = (
				2DE8A7321F80E203004B8D15 /* PBXTargetDependency */,
			);
			name = StudyDesignPatternTests;
			productName = StudyDesignPatternTests;
			productReference = 2DE8A72C1F80E203004B8D15 /* StudyDesignPatternTests.xctest */;
			productType = "com.apple.product-type.bundle.unit-test";
		};
/* End PBXNativeTarget section */

/* Begin PBXProject section */
		2D95D8F91F7FDD2B0011D7AB /* Project object */ = {
			isa = PBXProject;
			attributes = {
				LastUpgradeCheck = 0830;
				ORGANIZATIONNAME = NHNENT;
				TargetAttributes = {
					2D95D9001F7FDD2B0011D7AB = {
						CreatedOnToolsVersion = 8.3.3;
						ProvisioningStyle = Automatic;
					};
					2DE8A72B1F80E203004B8D15 = {
						CreatedOnToolsVersion = 8.3.3;
						ProvisioningStyle = Automatic;
						TestTargetID = 2D95D9001F7FDD2B0011D7AB;
					};
				};
			};
			buildConfigurationList = 2D95D8FC1F7FDD2B0011D7AB /* Build configuration list for PBXProject "StudyDesignPattern" */;
			compatibilityVersion = "Xcode 3.2";
			developmentRegion = English;
			hasScannedForEncodings = 0;
			knownRegions = (
				en,
				Base,
			);
			mainGroup = 2D95D8F81F7FDD2B0011D7AB;
			productRefGroup = 2D95D9021F7FDD2B0011D7AB /* Products */;
			projectDirPath = "";
			projectRoot = "";
			targets = (
				2D95D9001F7FDD2B0011D7AB /* StudyDesignPattern */,
				2DE8A72B1F80E203004B8D15 /* StudyDesignPatternTests */,
			);
		};
/* End PBXProject section */

/* Begin PBXResourcesBuildPhase section */
		2D95D8FF1F7FDD2B0011D7AB /* Resources */ = {
			isa = PBXResourcesBuildPhase;
			buildActionMask = 2147483647;
			files = (
				2DD6C0BE1F8298CF002443C6 /* addressBook.json in Resources */,
				2D95D9111F7FDD2B0011D7AB /* Assets.xcassets in Resources */,
			);
			runOnlyForDeploymentPostprocessing = 0;
		};
		2DE8A72A1F80E203004B8D15 /* Resources */ = {
			isa = PBXResourcesBuildPhase;
			buildActionMask = 2147483647;
			files = (
				2DE8A7381F80E530004B8D15 /* addressBook.json in Resources */,
			);
			runOnlyForDeploymentPostprocessing = 0;
		};
/* End PBXResourcesBuildPhase section */

/* Begin PBXSourcesBuildPhase section */
		2D95D8FD1F7FDD2B0011D7AB /* Sources */ = {
			isa = PBXSourcesBuildPhase;
			buildActionMask = 2147483647;
			files = (
				2D95D9091F7FDD2B0011D7AB /* AppDelegate.m in Sources */,
				2D95D9061F7FDD2B0011D7AB /* main.m in Sources */,
				2D95D9231F7FE57D0011D7AB /* UIView+TUMLayout.m in Sources */,
			);
			runOnlyForDeploymentPostprocessing = 0;
		};
		2DE8A7281F80E203004B8D15 /* Sources */ = {
			isa = PBXSourcesBuildPhase;
			buildActionMask = 2147483647;
			files = (
				2D8C39391F8BD59C0007924A /* AddressBookItemCellTest.m in Sources */,
			);
			runOnlyForDeploymentPostprocessing = 0;
		};
/* End PBXSourcesBuildPhase section */

/* Begin PBXTargetDependency section */
		2DE8A7321F80E203004B8D15 /* PBXTargetDependency */ = {
			isa = PBXTargetDependency;
			target = 2D95D9001F7FDD2B0011D7AB /* StudyDesignPattern */;
			targetProxy = 2DE8A7311F80E203004B8D15 /* PBXContainerItemProxy */;
		};
/* End PBXTargetDependency section */

/* Begin XCBuildConfiguration section */
		2D95D9161F7FDD2B0011D7AB /* Debug */ = {
			isa = XCBuildConfiguration;
			buildSettings = {
				ALWAYS_SEARCH_USER_PATHS = NO;
				CLANG_ANALYZER_NONNULL = YES;
				CLANG_ANALYZER_NUMBER_OBJECT_CONVERSION = YES_AGGRESSIVE;
				CLANG_CXX_LANGUAGE_STANDARD = "gnu++0x";
				CLANG_CXX_LIBRARY = "libc++";
				CLANG_ENABLE_MODULES = YES;
				CLANG_ENABLE_OBJC_ARC = YES;
				CLANG_WARN_BOOL_CONVERSION = YES;
				CLANG_WARN_CONSTANT_CONVERSION = YES;
				CLANG_WARN_DIRECT_OBJC_ISA_USAGE = YES_ERROR;
				CLANG_WARN_DOCUMENTATION_COMMENTS = YES;
				CLANG_WARN_EMPTY_BODY = YES;
				CLANG_WARN_ENUM_CONVERSION = YES;
				CLANG_WARN_INFINITE_RECURSION = YES;
				CLANG_WARN_INT_CONVERSION = YES;
				CLANG_WARN_OBJC_ROOT_CLASS = YES_ERROR;
				CLANG_WARN_SUSPICIOUS_MOVE = YES;
				CLANG_WARN_UNREACHABLE_CODE = YES;
				CLANG_WARN__DUPLICATE_METHOD_MATCH = YES;
				"CODE_SIGN_IDENTITY[sdk=iphoneos*]" = "iPhone Developer";
				COPY_PHASE_STRIP = NO;
				DEBUG_INFORMATION_FORMAT = dwarf;
				ENABLE_STRICT_OBJC_MSGSEND = YES;
				ENABLE_TESTABILITY = YES;
				GCC_C_LANGUAGE_STANDARD = gnu99;
				GCC_DYNAMIC_NO_PIC = NO;
				GCC_NO_COMMON_BLOCKS = YES;
				GCC_OPTIMIZATION_LEVEL = 0;
				GCC_PREPROCESSOR_DEFINITIONS = (
					"DEBUG=1",
					"$(inherited)",
				);
				GCC_WARN_64_TO_32_BIT_CONVERSION = YES;
				GCC_WARN_ABOUT_RETURN_TYPE = YES_ERROR;
				GCC_WARN_UNDECLARED_SELECTOR = YES;
				GCC_WARN_UNINITIALIZED_AUTOS = YES_AGGRESSIVE;
				GCC_WARN_UNUSED_FUNCTION = YES;
				GCC_WARN_UNUSED_VARIABLE = YES;
				IPHONEOS_DEPLOYMENT_TARGET = 10.3;
				MTL_ENABLE_DEBUG_INFO = YES;
				ONLY_ACTIVE_ARCH = YES;
				SDKROOT = iphoneos;
				TARGETED_DEVICE_FAMILY = "1,2";
			};
			name = Debug;
		};
		2D95D9171F7FDD2B0011D7AB /* Release */ = {
			isa = XCBuildConfiguration;
			buildSettings = {
				ALWAYS_SEARCH_USER_PATHS = NO;
				CLANG_ANALYZER_NONNULL = YES;
				CLANG_ANALYZER_NUMBER_OBJECT_CONVERSION = YES_AGGRESSIVE;
				CLANG_CXX_LANGUAGE_STANDARD = "gnu++0x";
				CLANG_CXX_LIBRARY = "libc++";
				CLANG_ENABLE_MODULES = YES;
				CLANG_ENABLE_OBJC_ARC = YES;
				CLANG_WARN_BOOL_CONVERSION = YES;
				CLANG_WARN_CONSTANT_CONVERSION = YES;
				CLANG_WARN_DIRECT_OBJC_ISA_USAGE = YES_ERROR;
				CLANG_WARN_DOCUMENTATION_COMMENTS = YES;
				CLANG_WARN_EMPTY_BODY = YES;
				CLANG_WARN_ENUM_CONVERSION = YES;
				CLANG_WARN_INFINITE_RECURSION = YES;
				CLANG_WARN_INT_CONVERSION = YES;
				CLANG_WARN_OBJC_ROOT_CLASS = YES_ERROR;
				CLANG_WARN_SUSPICIOUS_MOVE = YES;
				CLANG_WARN_UNREACHABLE_CODE = YES;
				CLANG_WARN__DUPLICATE_METHOD_MATCH = YES;
				"CODE_SIGN_IDENTITY[sdk=iphoneos*]" = "iPhone Developer";
				COPY_PHASE_STRIP = NO;
				DEBUG_INFORMATION_FORMAT = "dwarf-with-dsym";
				ENABLE_NS_ASSERTIONS = NO;
				ENABLE_STRICT_OBJC_MSGSEND = YES;
				GCC_C_LANGUAGE_STANDARD = gnu99;
				GCC_NO_COMMON_BLOCKS = YES;
				GCC_WARN_64_TO_32_BIT_CONVERSION = YES;
				GCC_WARN_ABOUT_RETURN_TYPE = YES_ERROR;
				GCC_WARN_UNDECLARED_SELECTOR = YES;
				GCC_WARN_UNINITIALIZED_AUTOS = YES_AGGRESSIVE;
				GCC_WARN_UNUSED_FUNCTION = YES;
				GCC_WARN_UNUSED_VARIABLE = YES;
				IPHONEOS_DEPLOYMENT_TARGET = 10.3;
				MTL_ENABLE_DEBUG_INFO = NO;
				SDKROOT = iphoneos;
				TARGETED_DEVICE_FAMILY = "1,2";
				VALIDATE_PRODUCT = YES;
			};
			name = Release;
		};
		2D95D9191F7FDD2B0011D7AB /* Debug */ = {
			isa = XCBuildConfiguration;
			buildSettings = {
				ASSETCATALOG_COMPILER_APPICON_NAME = AppIcon;
				INFOPLIST_FILE = StudyDesignPattern/Info.plist;
				LD_RUNPATH_SEARCH_PATHS = "$(inherited) @executable_path/Frameworks";
				PRODUCT_BUNDLE_IDENTIFIER = com.nhnent.StudyDesignPattern;
				PRODUCT_NAME = "$(TARGET_NAME)";
			};
			name = Debug;
		};
		2D95D91A1F7FDD2B0011D7AB /* Release */ = {
			isa = XCBuildConfiguration;
			buildSettings = {
				ASSETCATALOG_COMPILER_APPICON_NAME = AppIcon;
				INFOPLIST_FILE = StudyDesignPattern/Info.plist;
				LD_RUNPATH_SEARCH_PATHS = "$(inherited) @executable_path/Frameworks";
				PRODUCT_BUNDLE_IDENTIFIER = com.nhnent.StudyDesignPattern;
				PRODUCT_NAME = "$(TARGET_NAME)";
			};
			name = Release;
		};
		2DE8A7331F80E203004B8D15 /* Debug */ = {
			isa = XCBuildConfiguration;
			buildSettings = {
				BUNDLE_LOADER = "$(TEST_HOST)";
				INFOPLIST_FILE = StudyDesignPatternTests/Info.plist;
				LD_RUNPATH_SEARCH_PATHS = "$(inherited) @executable_path/Frameworks @loader_path/Frameworks";
				PRODUCT_BUNDLE_IDENTIFIER = com.nhnent.StudyDesignPatternTests;
				PRODUCT_NAME = "$(TARGET_NAME)";
				TEST_HOST = "$(BUILT_PRODUCTS_DIR)/StudyDesignPattern.app/StudyDesignPattern";
			};
			name = Debug;
		};
		2DE8A7341F80E203004B8D15 /* Release */ = {
			isa = XCBuildConfiguration;
			buildSettings = {
				BUNDLE_LOADER = "$(TEST_HOST)";
				INFOPLIST_FILE = StudyDesignPatternTests/Info.plist;
				LD_RUNPATH_SEARCH_PATHS = "$(inherited) @executable_path/Frameworks @loader_path/Frameworks";
				PRODUCT_BUNDLE_IDENTIFIER = com.nhnent.StudyDesignPatternTests;
				PRODUCT_NAME = "$(TARGET_NAME)";
				TEST_HOST = "$(BUILT_PRODUCTS_DIR)/StudyDesignPattern.app/StudyDesignPattern";
			};
			name = Release;
		};
/* End XCBuildConfiguration section */

/* Begin XCConfigurationList section */
		2D95D8FC1F7FDD2B0011D7AB /* Build configuration list for PBXProject "StudyDesignPattern" */ = {
			isa = XCConfigurationList;
			buildConfigurations = (
				2D95D9161F7FDD2B0011D7AB /* Debug */,
				2D95D9171F7FDD2B0011D7AB /* Release */,
			);
			defaultConfigurationIsVisible = 0;
			defaultConfigurationName = Release;
		};
		2D95D9181F7FDD2B0011D7AB /* Build configuration list for PBXNativeTarget "StudyDesignPattern" */ = {
			isa = XCConfigurationList;
			buildConfigurations = (
				2D95D9191F7FDD2B0011D7AB /* Debug */,
				2D95D91A1F7FDD2B0011D7AB /* Release */,
			);
			defaultConfigurationIsVisible = 0;
			defaultConfigurationName = Release;
		};
		2DE8A7351F80E203004B8D15 /* Build configuration list for PBXNativeTarget "StudyDesignPatternTests" */ = {
			isa = XCConfigurationList;
			buildConfigurations = (
				2DE8A7331F80E203004B8D15 /* Debug */,
				2DE8A7341F80E203004B8D15 /* Release */,
			);
			defaultConfigurationIsVisible = 0;
			defaultConfigurationName = Release;
		};
/* End XCConfigurationList section */
	};
	rootObject = 2D95D8F91F7FDD2B0011D7AB /* Project object */;
}
