// !$*UTF8*$!
{
	archiveVersion = 1;
	classes = {
	};
	objectVersion = 46;
	objects = {

/* Begin PBXBuildFile section */
		2D48FC0F1FAB55990029266A /* NPMainViewController.m in Sources */ = {isa = PBXBuildFile; fileRef = 2D48FC0E1FAB55990029266A /* NPMainViewController.m */; };
		2D48FC171FAB565C0029266A /* NPMainWireFrame.m in Sources */ = {isa = PBXBuildFile; fileRef = 2D48FC161FAB565C0029266A /* NPMainWireFrame.m */; };
		2D48FC1B1FAB56740029266A /* NPMainPresenter.m in Sources */ = {isa = PBXBuildFile; fileRef = 2D48FC1A1FAB56740029266A /* NPMainPresenter.m */; };
		2D48FC1E1FAB567C0029266A /* NPMainInteractor.m in Sources */ = {isa = PBXBuildFile; fileRef = 2D48FC1D1FAB567C0029266A /* NPMainInteractor.m */; };
		2D48FC241FAB56E70029266A /* NPMainDependencyInjector.m in Sources */ = {isa = PBXBuildFile; fileRef = 2D48FC231FAB56E70029266A /* NPMainDependencyInjector.m */; };
		2D95D9061F7FDD2B0011D7AB /* main.m in Sources */ = {isa = PBXBuildFile; fileRef = 2D95D9051F7FDD2B0011D7AB /* main.m */; };
		2D95D9091F7FDD2B0011D7AB /* AppDelegate.m in Sources */ = {isa = PBXBuildFile; fileRef = 2D95D9081F7FDD2B0011D7AB /* AppDelegate.m */; };
		2D95D9111F7FDD2B0011D7AB /* Assets.xcassets in Resources */ = {isa = PBXBuildFile; fileRef = 2D95D9101F7FDD2B0011D7AB /* Assets.xcassets */; };
		2D95D9231F7FE57D0011D7AB /* UIView+TUMLayout.m in Sources */ = {isa = PBXBuildFile; fileRef = 2D95D9221F7FE57D0011D7AB /* UIView+TUMLayout.m */; };
		2D9E47501FAFFC8E00D69850 /* NPPointChargePopupWireFrame.m in Sources */ = {isa = PBXBuildFile; fileRef = 2D9E474F1FAFFC8E00D69850 /* NPPointChargePopupWireFrame.m */; };
		2D9E47531FAFFC9900D69850 /* NPPointChargePopupViewController.m in Sources */ = {isa = PBXBuildFile; fileRef = 2D9E47521FAFFC9900D69850 /* NPPointChargePopupViewController.m */; };
		2D9E47561FAFFCA100D69850 /* NPPointChargePopupPresenter.m in Sources */ = {isa = PBXBuildFile; fileRef = 2D9E47551FAFFCA100D69850 /* NPPointChargePopupPresenter.m */; };
		2D9E47591FAFFCAA00D69850 /* NPPointChargePopupInteractor.m in Sources */ = {isa = PBXBuildFile; fileRef = 2D9E47581FAFFCAA00D69850 /* NPPointChargePopupInteractor.m */; };
		2D9E475D1FAFFEF600D69850 /* NPPointChargePopupDependencyInjector.m in Sources */ = {isa = PBXBuildFile; fileRef = 2D9E475C1FAFFEF600D69850 /* NPPointChargePopupDependencyInjector.m */; };
		2DCEC2881FAC5443001C45B4 /* NPPointChargeMainViewController.m in Sources */ = {isa = PBXBuildFile; fileRef = 2DCEC2871FAC5443001C45B4 /* NPPointChargeMainViewController.m */; };
		2DCEC2921FAC54BA001C45B4 /* NPPointChargeMainWireFrame.m in Sources */ = {isa = PBXBuildFile; fileRef = 2DCEC2911FAC54BA001C45B4 /* NPPointChargeMainWireFrame.m */; };
		2DCEC2951FAC54CE001C45B4 /* NPPointChargeMainPresenter.m in Sources */ = {isa = PBXBuildFile; fileRef = 2DCEC2941FAC54CE001C45B4 /* NPPointChargeMainPresenter.m */; };
		2DCEC2981FAC54D4001C45B4 /* NPPointChargeMainInteractor.m in Sources */ = {isa = PBXBuildFile; fileRef = 2DCEC2971FAC54D4001C45B4 /* NPPointChargeMainInteractor.m */; };
		2DCEC29B1FAC54DB001C45B4 /* NPPointChargeMainDataManager.m in Sources */ = {isa = PBXBuildFile; fileRef = 2DCEC29A1FAC54DB001C45B4 /* NPPointChargeMainDataManager.m */; };
		2DCEC29E1FAC54ED001C45B4 /* NPPointChargeMainDependencyInjector.m in Sources */ = {isa = PBXBuildFile; fileRef = 2DCEC29D1FAC54ED001C45B4 /* NPPointChargeMainDependencyInjector.m */; };
		2DCEC2B01FAC7F54001C45B4 /* NPBaseWireFrame.m in Sources */ = {isa = PBXBuildFile; fileRef = 2DCEC2AF1FAC7F54001C45B4 /* NPBaseWireFrame.m */; };
		2DCEC2B31FAC842F001C45B4 /* DeviceInfo.m in Sources */ = {isa = PBXBuildFile; fileRef = 2DCEC2B21FAC842F001C45B4 /* DeviceInfo.m */; };
		2DCEC2B61FAC88CA001C45B4 /* NPBasePresenter.m in Sources */ = {isa = PBXBuildFile; fileRef = 2DCEC2B51FAC88CA001C45B4 /* NPBasePresenter.m */; };
		2DCEC2B91FAC8A4E001C45B4 /* NPBaseDependencyInjector.m in Sources */ = {isa = PBXBuildFile; fileRef = 2DCEC2B81FAC8A4E001C45B4 /* NPBaseDependencyInjector.m */; };
		2DCEC2BD1FAC8FA8001C45B4 /* NPPointChargeMainDataSource.m in Sources */ = {isa = PBXBuildFile; fileRef = 2DCEC2BC1FAC8FA8001C45B4 /* NPPointChargeMainDataSource.m */; };
		2DCEC2C01FAC901B001C45B4 /* NPBaseCollectionViewCell.m in Sources */ = {isa = PBXBuildFile; fileRef = 2DCEC2BF1FAC901B001C45B4 /* NPBaseCollectionViewCell.m */; };
		2DD6C0BE1F8298CF002443C6 /* addressBook.json in Resources */ = {isa = PBXBuildFile; fileRef = 2DE8A7371F80E530004B8D15 /* addressBook.json */; };
		2DE8A7381F80E530004B8D15 /* addressBook.json in Resources */ = {isa = PBXBuildFile; fileRef = 2DE8A7371F80E530004B8D15 /* addressBook.json */; };
/* End PBXBuildFile section */

/* Begin PBXContainerItemProxy section */
		2DE8A7311F80E203004B8D15 /* PBXContainerItemProxy */ = {
			isa = PBXContainerItemProxy;
			containerPortal = 2D95D8F91F7FDD2B0011D7AB /* Project object */;
			proxyType = 1;
			remoteGlobalIDString = 2D95D9001F7FDD2B0011D7AB;
			remoteInfo = StudyDesignPattern;
		};
/* End PBXContainerItemProxy section */

/* Begin PBXFileReference section */
		2D48FC0D1FAB55990029266A /* NPMainViewController.h */ = {isa = PBXFileReference; fileEncoding = 4; lastKnownFileType = sourcecode.c.h; path = NPMainViewController.h; sourceTree = "<group>"; };
		2D48FC0E1FAB55990029266A /* NPMainViewController.m */ = {isa = PBXFileReference; fileEncoding = 4; lastKnownFileType = sourcecode.c.objc; path = NPMainViewController.m; sourceTree = "<group>"; };
		2D48FC151FAB565C0029266A /* NPMainWireFrame.h */ = {isa = PBXFileReference; fileEncoding = 4; lastKnownFileType = sourcecode.c.h; path = NPMainWireFrame.h; sourceTree = "<group>"; };
		2D48FC161FAB565C0029266A /* NPMainWireFrame.m */ = {isa = PBXFileReference; fileEncoding = 4; lastKnownFileType = sourcecode.c.objc; path = NPMainWireFrame.m; sourceTree = "<group>"; };
		2D48FC191FAB56740029266A /* NPMainPresenter.h */ = {isa = PBXFileReference; fileEncoding = 4; lastKnownFileType = sourcecode.c.h; path = NPMainPresenter.h; sourceTree = "<group>"; };
		2D48FC1A1FAB56740029266A /* NPMainPresenter.m */ = {isa = PBXFileReference; fileEncoding = 4; lastKnownFileType = sourcecode.c.objc; path = NPMainPresenter.m; sourceTree = "<group>"; };
		2D48FC1C1FAB567C0029266A /* NPMainInteractor.h */ = {isa = PBXFileReference; fileEncoding = 4; lastKnownFileType = sourcecode.c.h; path = NPMainInteractor.h; sourceTree = "<group>"; };
		2D48FC1D1FAB567C0029266A /* NPMainInteractor.m */ = {isa = PBXFileReference; fileEncoding = 4; lastKnownFileType = sourcecode.c.objc; path = NPMainInteractor.m; sourceTree = "<group>"; };
		2D48FC221FAB56E70029266A /* NPMainDependencyInjector.h */ = {isa = PBXFileReference; fileEncoding = 4; lastKnownFileType = sourcecode.c.h; path = NPMainDependencyInjector.h; sourceTree = "<group>"; };
		2D48FC231FAB56E70029266A /* NPMainDependencyInjector.m */ = {isa = PBXFileReference; fileEncoding = 4; lastKnownFileType = sourcecode.c.objc; path = NPMainDependencyInjector.m; sourceTree = "<group>"; };
		2D48FC261FAB58980029266A /* NPVIPERProtocolDefine.h */ = {isa = PBXFileReference; lastKnownFileType = sourcecode.c.h; path = NPVIPERProtocolDefine.h; sourceTree = "<group>"; };
		2D48FC271FAB58C60029266A /* NPMainPresenterProtocolDefine.h */ = {isa = PBXFileReference; lastKnownFileType = sourcecode.c.h; path = NPMainPresenterProtocolDefine.h; sourceTree = "<group>"; };
		2D48FC291FAB59320029266A /* NPMainViewProtocolDefine.h */ = {isa = PBXFileReference; lastKnownFileType = sourcecode.c.h; path = NPMainViewProtocolDefine.h; sourceTree = "<group>"; };
		2D48FC2A1FAB59400029266A /* NPMainWireFrameProtocolDefine.h */ = {isa = PBXFileReference; lastKnownFileType = sourcecode.c.h; path = NPMainWireFrameProtocolDefine.h; sourceTree = "<group>"; };
		2D48FC2F1FAB5C320029266A /* StudyDesignPatternPrefix.pch */ = {isa = PBXFileReference; lastKnownFileType = sourcecode.c.h; path = StudyDesignPatternPrefix.pch; sourceTree = "<group>"; };
		2D95D9011F7FDD2B0011D7AB /* StudyDesignPattern.app */ = {isa = PBXFileReference; explicitFileType = wrapper.application; includeInIndex = 0; path = StudyDesignPattern.app; sourceTree = BUILT_PRODUCTS_DIR; };
		2D95D9051F7FDD2B0011D7AB /* main.m */ = {isa = PBXFileReference; lastKnownFileType = sourcecode.c.objc; path = main.m; sourceTree = "<group>"; };
		2D95D9071F7FDD2B0011D7AB /* AppDelegate.h */ = {isa = PBXFileReference; lastKnownFileType = sourcecode.c.h; path = AppDelegate.h; sourceTree = "<group>"; };
		2D95D9081F7FDD2B0011D7AB /* AppDelegate.m */ = {isa = PBXFileReference; lastKnownFileType = sourcecode.c.objc; path = AppDelegate.m; sourceTree = "<group>"; };
		2D95D9101F7FDD2B0011D7AB /* Assets.xcassets */ = {isa = PBXFileReference; lastKnownFileType = folder.assetcatalog; path = Assets.xcassets; sourceTree = "<group>"; };
		2D95D9151F7FDD2B0011D7AB /* Info.plist */ = {isa = PBXFileReference; lastKnownFileType = text.plist.xml; path = Info.plist; sourceTree = "<group>"; };
		2D95D9211F7FE57D0011D7AB /* UIView+TUMLayout.h */ = {isa = PBXFileReference; fileEncoding = 4; lastKnownFileType = sourcecode.c.h; path = "UIView+TUMLayout.h"; sourceTree = "<group>"; };
		2D95D9221F7FE57D0011D7AB /* UIView+TUMLayout.m */ = {isa = PBXFileReference; fileEncoding = 4; lastKnownFileType = sourcecode.c.objc; path = "UIView+TUMLayout.m"; sourceTree = "<group>"; };
		2D9E474E1FAFFC8E00D69850 /* NPPointChargePopupWireFrame.h */ = {isa = PBXFileReference; fileEncoding = 4; lastKnownFileType = sourcecode.c.h; path = NPPointChargePopupWireFrame.h; sourceTree = "<group>"; };
		2D9E474F1FAFFC8E00D69850 /* NPPointChargePopupWireFrame.m */ = {isa = PBXFileReference; fileEncoding = 4; lastKnownFileType = sourcecode.c.objc; path = NPPointChargePopupWireFrame.m; sourceTree = "<group>"; };
		2D9E47511FAFFC9900D69850 /* NPPointChargePopupViewController.h */ = {isa = PBXFileReference; fileEncoding = 4; lastKnownFileType = sourcecode.c.h; path = NPPointChargePopupViewController.h; sourceTree = "<group>"; };
		2D9E47521FAFFC9900D69850 /* NPPointChargePopupViewController.m */ = {isa = PBXFileReference; fileEncoding = 4; lastKnownFileType = sourcecode.c.objc; path = NPPointChargePopupViewController.m; sourceTree = "<group>"; };
		2D9E47541FAFFCA100D69850 /* NPPointChargePopupPresenter.h */ = {isa = PBXFileReference; fileEncoding = 4; lastKnownFileType = sourcecode.c.h; path = NPPointChargePopupPresenter.h; sourceTree = "<group>"; };
		2D9E47551FAFFCA100D69850 /* NPPointChargePopupPresenter.m */ = {isa = PBXFileReference; fileEncoding = 4; lastKnownFileType = sourcecode.c.objc; path = NPPointChargePopupPresenter.m; sourceTree = "<group>"; };
		2D9E47571FAFFCAA00D69850 /* NPPointChargePopupInteractor.h */ = {isa = PBXFileReference; fileEncoding = 4; lastKnownFileType = sourcecode.c.h; path = NPPointChargePopupInteractor.h; sourceTree = "<group>"; };
		2D9E47581FAFFCAA00D69850 /* NPPointChargePopupInteractor.m */ = {isa = PBXFileReference; fileEncoding = 4; lastKnownFileType = sourcecode.c.objc; path = NPPointChargePopupInteractor.m; sourceTree = "<group>"; };
		2D9E475A1FAFFCC200D69850 /* NPPointChargePopupProtocolDefine.h */ = {isa = PBXFileReference; fileEncoding = 4; lastKnownFileType = sourcecode.c.h; path = NPPointChargePopupProtocolDefine.h; sourceTree = "<group>"; };
		2D9E475B1FAFFEF600D69850 /* NPPointChargePopupDependencyInjector.h */ = {isa = PBXFileReference; fileEncoding = 4; lastKnownFileType = sourcecode.c.h; path = NPPointChargePopupDependencyInjector.h; sourceTree = "<group>"; };
		2D9E475C1FAFFEF600D69850 /* NPPointChargePopupDependencyInjector.m */ = {isa = PBXFileReference; fileEncoding = 4; lastKnownFileType = sourcecode.c.objc; path = NPPointChargePopupDependencyInjector.m; sourceTree = "<group>"; };
		2DCEC2821FAC4E93001C45B4 /* NPMainInteractorProtocolDefine.h */ = {isa = PBXFileReference; fileEncoding = 4; lastKnownFileType = sourcecode.c.h; path = NPMainInteractorProtocolDefine.h; sourceTree = "<group>"; };
		2DCEC2861FAC5443001C45B4 /* NPPointChargeMainViewController.h */ = {isa = PBXFileReference; fileEncoding = 4; lastKnownFileType = sourcecode.c.h; path = NPPointChargeMainViewController.h; sourceTree = "<group>"; };
		2DCEC2871FAC5443001C45B4 /* NPPointChargeMainViewController.m */ = {isa = PBXFileReference; fileEncoding = 4; lastKnownFileType = sourcecode.c.objc; path = NPPointChargeMainViewController.m; sourceTree = "<group>"; };
		2DCEC2901FAC54BA001C45B4 /* NPPointChargeMainWireFrame.h */ = {isa = PBXFileReference; fileEncoding = 4; lastKnownFileType = sourcecode.c.h; path = NPPointChargeMainWireFrame.h; sourceTree = "<group>"; };
		2DCEC2911FAC54BA001C45B4 /* NPPointChargeMainWireFrame.m */ = {isa = PBXFileReference; fileEncoding = 4; lastKnownFileType = sourcecode.c.objc; path = NPPointChargeMainWireFrame.m; sourceTree = "<group>"; };
		2DCEC2931FAC54CE001C45B4 /* NPPointChargeMainPresenter.h */ = {isa = PBXFileReference; fileEncoding = 4; lastKnownFileType = sourcecode.c.h; path = NPPointChargeMainPresenter.h; sourceTree = "<group>"; };
		2DCEC2941FAC54CE001C45B4 /* NPPointChargeMainPresenter.m */ = {isa = PBXFileReference; fileEncoding = 4; lastKnownFileType = sourcecode.c.objc; path = NPPointChargeMainPresenter.m; sourceTree = "<group>"; };
		2DCEC2961FAC54D4001C45B4 /* NPPointChargeMainInteractor.h */ = {isa = PBXFileReference; fileEncoding = 4; lastKnownFileType = sourcecode.c.h; path = NPPointChargeMainInteractor.h; sourceTree = "<group>"; };
		2DCEC2971FAC54D4001C45B4 /* NPPointChargeMainInteractor.m */ = {isa = PBXFileReference; fileEncoding = 4; lastKnownFileType = sourcecode.c.objc; path = NPPointChargeMainInteractor.m; sourceTree = "<group>"; };
		2DCEC2991FAC54DB001C45B4 /* NPPointChargeMainDataManager.h */ = {isa = PBXFileReference; fileEncoding = 4; lastKnownFileType = sourcecode.c.h; path = NPPointChargeMainDataManager.h; sourceTree = "<group>"; };
		2DCEC29A1FAC54DB001C45B4 /* NPPointChargeMainDataManager.m */ = {isa = PBXFileReference; fileEncoding = 4; lastKnownFileType = sourcecode.c.objc; path = NPPointChargeMainDataManager.m; sourceTree = "<group>"; };
		2DCEC29C1FAC54ED001C45B4 /* NPPointChargeMainDependencyInjector.h */ = {isa = PBXFileReference; fileEncoding = 4; lastKnownFileType = sourcecode.c.h; path = NPPointChargeMainDependencyInjector.h; sourceTree = "<group>"; };
		2DCEC29D1FAC54ED001C45B4 /* NPPointChargeMainDependencyInjector.m */ = {isa = PBXFileReference; fileEncoding = 4; lastKnownFileType = sourcecode.c.objc; path = NPPointChargeMainDependencyInjector.m; sourceTree = "<group>"; };
		2DCEC29F1FAC5503001C45B4 /* NPPointChargeMainViewProtocolDefine.h */ = {isa = PBXFileReference; fileEncoding = 4; lastKnownFileType = sourcecode.c.h; path = NPPointChargeMainViewProtocolDefine.h; sourceTree = "<group>"; };
		2DCEC2A21FAC550F001C45B4 /* NPPointChargeMainWireFrameProtocolDefine.h */ = {isa = PBXFileReference; fileEncoding = 4; lastKnownFileType = sourcecode.c.h; path = NPPointChargeMainWireFrameProtocolDefine.h; sourceTree = "<group>"; };
		2DCEC2A51FAC551C001C45B4 /* NPPointChargeMainPresenterProtocolDefine.h */ = {isa = PBXFileReference; fileEncoding = 4; lastKnownFileType = sourcecode.c.h; path = NPPointChargeMainPresenterProtocolDefine.h; sourceTree = "<group>"; };
		2DCEC2A81FAC5529001C45B4 /* NPPointChargeMainInteractorProtocolDefine.h */ = {isa = PBXFileReference; fileEncoding = 4; lastKnownFileType = sourcecode.c.h; path = NPPointChargeMainInteractorProtocolDefine.h; sourceTree = "<group>"; };
		2DCEC2AB1FAC5533001C45B4 /* NPPointChargeMainDataManagerProtocolDefine.h */ = {isa = PBXFileReference; fileEncoding = 4; lastKnownFileType = sourcecode.c.h; path = NPPointChargeMainDataManagerProtocolDefine.h; sourceTree = "<group>"; };
		2DCEC2AE1FAC7F54001C45B4 /* NPBaseWireFrame.h */ = {isa = PBXFileReference; fileEncoding = 4; lastKnownFileType = sourcecode.c.h; path = NPBaseWireFrame.h; sourceTree = "<group>"; };
		2DCEC2AF1FAC7F54001C45B4 /* NPBaseWireFrame.m */ = {isa = PBXFileReference; fileEncoding = 4; lastKnownFileType = sourcecode.c.objc; path = NPBaseWireFrame.m; sourceTree = "<group>"; };
		2DCEC2B11FAC842F001C45B4 /* DeviceInfo.h */ = {isa = PBXFileReference; fileEncoding = 4; lastKnownFileType = sourcecode.c.h; path = DeviceInfo.h; sourceTree = "<group>"; };
		2DCEC2B21FAC842F001C45B4 /* DeviceInfo.m */ = {isa = PBXFileReference; fileEncoding = 4; lastKnownFileType = sourcecode.c.objc; path = DeviceInfo.m; sourceTree = "<group>"; };
		2DCEC2B41FAC88CA001C45B4 /* NPBasePresenter.h */ = {isa = PBXFileReference; fileEncoding = 4; lastKnownFileType = sourcecode.c.h; path = NPBasePresenter.h; sourceTree = "<group>"; };
		2DCEC2B51FAC88CA001C45B4 /* NPBasePresenter.m */ = {isa = PBXFileReference; fileEncoding = 4; lastKnownFileType = sourcecode.c.objc; path = NPBasePresenter.m; sourceTree = "<group>"; };
		2DCEC2B71FAC8A4E001C45B4 /* NPBaseDependencyInjector.h */ = {isa = PBXFileReference; fileEncoding = 4; lastKnownFileType = sourcecode.c.h; path = NPBaseDependencyInjector.h; sourceTree = "<group>"; };
		2DCEC2B81FAC8A4E001C45B4 /* NPBaseDependencyInjector.m */ = {isa = PBXFileReference; fileEncoding = 4; lastKnownFileType = sourcecode.c.objc; path = NPBaseDependencyInjector.m; sourceTree = "<group>"; };
		2DCEC2BB1FAC8FA8001C45B4 /* NPPointChargeMainDataSource.h */ = {isa = PBXFileReference; fileEncoding = 4; lastKnownFileType = sourcecode.c.h; path = NPPointChargeMainDataSource.h; sourceTree = "<group>"; };
		2DCEC2BC1FAC8FA8001C45B4 /* NPPointChargeMainDataSource.m */ = {isa = PBXFileReference; fileEncoding = 4; lastKnownFileType = sourcecode.c.objc; path = NPPointChargeMainDataSource.m; sourceTree = "<group>"; };
		2DCEC2BE1FAC901B001C45B4 /* NPBaseCollectionViewCell.h */ = {isa = PBXFileReference; fileEncoding = 4; lastKnownFileType = sourcecode.c.h; path = NPBaseCollectionViewCell.h; sourceTree = "<group>"; };
		2DCEC2BF1FAC901B001C45B4 /* NPBaseCollectionViewCell.m */ = {isa = PBXFileReference; fileEncoding = 4; lastKnownFileType = sourcecode.c.objc; path = NPBaseCollectionViewCell.m; sourceTree = "<group>"; };
		2DE8A72C1F80E203004B8D15 /* StudyDesignPatternTests.xctest */ = {isa = PBXFileReference; explicitFileType = wrapper.cfbundle; includeInIndex = 0; path = StudyDesignPatternTests.xctest; sourceTree = BUILT_PRODUCTS_DIR; };
		2DE8A7301F80E203004B8D15 /* Info.plist */ = {isa = PBXFileReference; lastKnownFileType = text.plist.xml; path = Info.plist; sourceTree = "<group>"; };
		2DE8A7371F80E530004B8D15 /* addressBook.json */ = {isa = PBXFileReference; fileEncoding = 4; lastKnownFileType = text.json; path = addressBook.json; sourceTree = "<group>"; };
/* End PBXFileReference section */

/* Begin PBXFrameworksBuildPhase section */
		2D95D8FE1F7FDD2B0011D7AB /* Frameworks */ = {
			isa = PBXFrameworksBuildPhase;
			buildActionMask = 2147483647;
			files = (
			);
			runOnlyForDeploymentPostprocessing = 0;
		};
		2DE8A7291F80E203004B8D15 /* Frameworks */ = {
			isa = PBXFrameworksBuildPhase;
			buildActionMask = 2147483647;
			files = (
			);
			runOnlyForDeploymentPostprocessing = 0;
		};
/* End PBXFrameworksBuildPhase section */

/* Begin PBXGroup section */
		2D48FC091FAB4F3B0029266A /* Common */ = {
			isa = PBXGroup;
			children = (
				2DCEC2711FAC3181001C45B4 /* BaseClasses */,
				2D48FC251FAB58680029266A /* Define */,
				2D48FC0A1FAB4F480029266A /* Util */,
			);
			name = Common;
			sourceTree = "<group>";
		};
		2D48FC0A1FAB4F480029266A /* Util */ = {
			isa = PBXGroup;
			children = (
				2D95D9211F7FE57D0011D7AB /* UIView+TUMLayout.h */,
				2D95D9221F7FE57D0011D7AB /* UIView+TUMLayout.m */,
				2DCEC2B11FAC842F001C45B4 /* DeviceInfo.h */,
				2DCEC2B21FAC842F001C45B4 /* DeviceInfo.m */,
			);
			name = Util;
			sourceTree = "<group>";
		};
		2D48FC0B1FAB55240029266A /* Main */ = {
			isa = PBXGroup;
			children = (
				2D48FC281FAB58F40029266A /* Protocols */,
				2D48FC181FAB56650029266A /* DependencyInjector */,
				2D48FC111FAB55A40029266A /* Interactor */,
				2D48FC121FAB55AB0029266A /* Presenter */,
				2D48FC101FAB559E0029266A /* View */,
				2D48FC131FAB55B30029266A /* WireFrame */,
			);
			name = Main;
			sourceTree = "<group>";
		};
		2D48FC0C1FAB552C0029266A /* PointCharge */ = {
			isa = PBXGroup;
			children = (
				2D9E474C1FAFFC6A00D69850 /* Popup */,
				2DCEC2851FAC53B6001C45B4 /* Main */,
			);
			name = PointCharge;
			sourceTree = "<group>";
		};
		2D48FC101FAB559E0029266A /* View */ = {
			isa = PBXGroup;
			children = (
				2D48FC0D1FAB55990029266A /* NPMainViewController.h */,
				2D48FC0E1FAB55990029266A /* NPMainViewController.m */,
			);
			name = View;
			sourceTree = "<group>";
		};
		2D48FC111FAB55A40029266A /* Interactor */ = {
			isa = PBXGroup;
			children = (
				2D48FC1C1FAB567C0029266A /* NPMainInteractor.h */,
				2D48FC1D1FAB567C0029266A /* NPMainInteractor.m */,
			);
			name = Interactor;
			sourceTree = "<group>";
		};
		2D48FC121FAB55AB0029266A /* Presenter */ = {
			isa = PBXGroup;
			children = (
				2D48FC191FAB56740029266A /* NPMainPresenter.h */,
				2D48FC1A1FAB56740029266A /* NPMainPresenter.m */,
			);
			name = Presenter;
			sourceTree = "<group>";
		};
		2D48FC131FAB55B30029266A /* WireFrame */ = {
			isa = PBXGroup;
			children = (
				2D48FC151FAB565C0029266A /* NPMainWireFrame.h */,
				2D48FC161FAB565C0029266A /* NPMainWireFrame.m */,
			);
			name = WireFrame;
			sourceTree = "<group>";
		};
		2D48FC181FAB56650029266A /* DependencyInjector */ = {
			isa = PBXGroup;
			children = (
				2D48FC221FAB56E70029266A /* NPMainDependencyInjector.h */,
				2D48FC231FAB56E70029266A /* NPMainDependencyInjector.m */,
			);
			name = DependencyInjector;
			sourceTree = "<group>";
		};
		2D48FC251FAB58680029266A /* Define */ = {
			isa = PBXGroup;
			children = (
				2D48FC261FAB58980029266A /* NPVIPERProtocolDefine.h */,
			);
			name = Define;
			sourceTree = "<group>";
		};
		2D48FC281FAB58F40029266A /* Protocols */ = {
			isa = PBXGroup;
			children = (
				2D48FC271FAB58C60029266A /* NPMainPresenterProtocolDefine.h */,
				2D48FC291FAB59320029266A /* NPMainViewProtocolDefine.h */,
				2D48FC2A1FAB59400029266A /* NPMainWireFrameProtocolDefine.h */,
				2DCEC2821FAC4E93001C45B4 /* NPMainInteractorProtocolDefine.h */,
			);
			name = Protocols;
			sourceTree = "<group>";
		};
		2D95D8F81F7FDD2B0011D7AB = {
			isa = PBXGroup;
			children = (
				2D95D9031F7FDD2B0011D7AB /* StudyDesignPattern */,
				2DE8A72D1F80E203004B8D15 /* StudyDesignPatternTests */,
				2D95D9021F7FDD2B0011D7AB /* Products */,
			);
			sourceTree = "<group>";
		};
		2D95D9021F7FDD2B0011D7AB /* Products */ = {
			isa = PBXGroup;
			children = (
				2D95D9011F7FDD2B0011D7AB /* StudyDesignPattern.app */,
				2DE8A72C1F80E203004B8D15 /* StudyDesignPatternTests.xctest */,
			);
			name = Products;
			sourceTree = "<group>";
		};
		2D95D9031F7FDD2B0011D7AB /* StudyDesignPattern */ = {
			isa = PBXGroup;
			children = (
				2D48FC091FAB4F3B0029266A /* Common */,
				2D48FC0C1FAB552C0029266A /* PointCharge */,
				2D48FC0B1FAB55240029266A /* Main */,
				2D95D9101F7FDD2B0011D7AB /* Assets.xcassets */,
				2D95D9041F7FDD2B0011D7AB /* Supporting Files */,
			);
			path = StudyDesignPattern;
			sourceTree = "<group>";
		};
		2D95D9041F7FDD2B0011D7AB /* Supporting Files */ = {
			isa = PBXGroup;
			children = (
				2D95D9071F7FDD2B0011D7AB /* AppDelegate.h */,
				2D95D9081F7FDD2B0011D7AB /* AppDelegate.m */,
				2D95D9151F7FDD2B0011D7AB /* Info.plist */,
				2D95D9051F7FDD2B0011D7AB /* main.m */,
				2D48FC2F1FAB5C320029266A /* StudyDesignPatternPrefix.pch */,
			);
			name = "Supporting Files";
			sourceTree = "<group>";
		};
		2D9E474C1FAFFC6A00D69850 /* Popup */ = {
			isa = PBXGroup;
			children = (
				2D9E475A1FAFFCC200D69850 /* NPPointChargePopupProtocolDefine.h */,
				2D9E475B1FAFFEF600D69850 /* NPPointChargePopupDependencyInjector.h */,
				2D9E475C1FAFFEF600D69850 /* NPPointChargePopupDependencyInjector.m */,
				2D9E474E1FAFFC8E00D69850 /* NPPointChargePopupWireFrame.h */,
				2D9E474F1FAFFC8E00D69850 /* NPPointChargePopupWireFrame.m */,
				2D9E47511FAFFC9900D69850 /* NPPointChargePopupViewController.h */,
				2D9E47521FAFFC9900D69850 /* NPPointChargePopupViewController.m */,
				2D9E47541FAFFCA100D69850 /* NPPointChargePopupPresenter.h */,
				2D9E47551FAFFCA100D69850 /* NPPointChargePopupPresenter.m */,
				2D9E47571FAFFCAA00D69850 /* NPPointChargePopupInteractor.h */,
				2D9E47581FAFFCAA00D69850 /* NPPointChargePopupInteractor.m */,
			);
			name = Popup;
			sourceTree = "<group>";
		};
		2DCEC2711FAC3181001C45B4 /* BaseClasses */ = {
			isa = PBXGroup;
			children = (
				2DCEC2AE1FAC7F54001C45B4 /* NPBaseWireFrame.h */,
				2DCEC2AF1FAC7F54001C45B4 /* NPBaseWireFrame.m */,
				2DCEC2B41FAC88CA001C45B4 /* NPBasePresenter.h */,
				2DCEC2B51FAC88CA001C45B4 /* NPBasePresenter.m */,
				2DCEC2B71FAC8A4E001C45B4 /* NPBaseDependencyInjector.h */,
				2DCEC2B81FAC8A4E001C45B4 /* NPBaseDependencyInjector.m */,
				2DCEC2BE1FAC901B001C45B4 /* NPBaseCollectionViewCell.h */,
				2DCEC2BF1FAC901B001C45B4 /* NPBaseCollectionViewCell.m */,
			);
			name = BaseClasses;
			sourceTree = "<group>";
		};
		2DCEC2851FAC53B6001C45B4 /* Main */ = {
			isa = PBXGroup;
			children = (
				2DCEC28F1FAC549F001C45B4 /* Protocols */,
				2DCEC28E1FAC5494001C45B4 /* DependencyInjector */,
				2DCEC28D1FAC545F001C45B4 /* Manager */,
				2DCEC28C1FAC5459001C45B4 /* Interactor */,
				2DCEC28B1FAC5454001C45B4 /* Presenter */,
				2DCEC28A1FAC544F001C45B4 /* View */,
				2DCEC2891FAC5449001C45B4 /* WireFrame */,
			);
			name = Main;
			sourceTree = "<group>";
		};
		2DCEC2891FAC5449001C45B4 /* WireFrame */ = {
			isa = PBXGroup;
			children = (
				2DCEC2901FAC54BA001C45B4 /* NPPointChargeMainWireFrame.h */,
				2DCEC2911FAC54BA001C45B4 /* NPPointChargeMainWireFrame.m */,
			);
			name = WireFrame;
			sourceTree = "<group>";
		};
		2DCEC28A1FAC544F001C45B4 /* View */ = {
			isa = PBXGroup;
			children = (
				2DCEC2861FAC5443001C45B4 /* NPPointChargeMainViewController.h */,
				2DCEC2871FAC5443001C45B4 /* NPPointChargeMainViewController.m */,
			);
			name = View;
			sourceTree = "<group>";
		};
		2DCEC28B1FAC5454001C45B4 /* Presenter */ = {
			isa = PBXGroup;
			children = (
				2DCEC2931FAC54CE001C45B4 /* NPPointChargeMainPresenter.h */,
				2DCEC2941FAC54CE001C45B4 /* NPPointChargeMainPresenter.m */,
			);
			name = Presenter;
			sourceTree = "<group>";
		};
		2DCEC28C1FAC5459001C45B4 /* Interactor */ = {
			isa = PBXGroup;
			children = (
				2DCEC2961FAC54D4001C45B4 /* NPPointChargeMainInteractor.h */,
				2DCEC2971FAC54D4001C45B4 /* NPPointChargeMainInteractor.m */,
			);
			name = Interactor;
			sourceTree = "<group>";
		};
		2DCEC28D1FAC545F001C45B4 /* Manager */ = {
			isa = PBXGroup;
			children = (
				2DCEC2991FAC54DB001C45B4 /* NPPointChargeMainDataManager.h */,
				2DCEC29A1FAC54DB001C45B4 /* NPPointChargeMainDataManager.m */,
				2DCEC2BB1FAC8FA8001C45B4 /* NPPointChargeMainDataSource.h */,
				2DCEC2BC1FAC8FA8001C45B4 /* NPPointChargeMainDataSource.m */,
			);
			name = Manager;
			sourceTree = "<group>";
		};
		2DCEC28E1FAC5494001C45B4 /* DependencyInjector */ = {
			isa = PBXGroup;
			children = (
				2DCEC29C1FAC54ED001C45B4 /* NPPointChargeMainDependencyInjector.h */,
				2DCEC29D1FAC54ED001C45B4 /* NPPointChargeMainDependencyInjector.m */,
			);
			name = DependencyInjector;
			sourceTree = "<group>";
		};
		2DCEC28F1FAC549F001C45B4 /* Protocols */ = {
			isa = PBXGroup;
			children = (
				2DCEC29F1FAC5503001C45B4 /* NPPointChargeMainViewProtocolDefine.h */,
				2DCEC2A21FAC550F001C45B4 /* NPPointChargeMainWireFrameProtocolDefine.h */,
				2DCEC2A51FAC551C001C45B4 /* NPPointChargeMainPresenterProtocolDefine.h */,
				2DCEC2A81FAC5529001C45B4 /* NPPointChargeMainInteractorProtocolDefine.h */,
				2DCEC2AB1FAC5533001C45B4 /* NPPointChargeMainDataManagerProtocolDefine.h */,
			);
			name = Protocols;
			sourceTree = "<group>";
		};
		2DE8A72D1F80E203004B8D15 /* StudyDesignPatternTests */ = {
			isa = PBXGroup;
			children = (
				2DE8A7361F80E516004B8D15 /* JSON */,
				2DE8A7301F80E203004B8D15 /* Info.plist */,
			);
			path = StudyDesignPatternTests;
			sourceTree = "<group>";
		};
		2DE8A7361F80E516004B8D15 /* JSON */ = {
			isa = PBXGroup;
			children = (
				2DE8A7371F80E530004B8D15 /* addressBook.json */,
			);
			name = JSON;
			sourceTree = "<group>";
		};
/* End PBXGroup section */

/* Begin PBXNativeTarget section */
		2D95D9001F7FDD2B0011D7AB /* StudyDesignPattern */ = {
			isa = PBXNativeTarget;
			buildConfigurationList = 2D95D9181F7FDD2B0011D7AB /* Build configuration list for PBXNativeTarget "StudyDesignPattern" */;
			buildPhases = (
				2D95D8FD1F7FDD2B0011D7AB /* Sources */,
				2D95D8FE1F7FDD2B0011D7AB /* Frameworks */,
				2D95D8FF1F7FDD2B0011D7AB /* Resources */,
			);
			buildRules = (
			);
			dependencies = (
			);
			name = StudyDesignPattern;
			productName = StudyDesignPattern;
			productReference = 2D95D9011F7FDD2B0011D7AB /* StudyDesignPattern.app */;
			productType = "com.apple.product-type.application";
		};
		2DE8A72B1F80E203004B8D15 /* StudyDesignPatternTests */ = {
			isa = PBXNativeTarget;
			buildConfigurationList = 2DE8A7351F80E203004B8D15 /* Build configuration list for PBXNativeTarget "StudyDesignPatternTests" */;
			buildPhases = (
				2DE8A7281F80E203004B8D15 /* Sources */,
				2DE8A7291F80E203004B8D15 /* Frameworks */,
				2DE8A72A1F80E203004B8D15 /* Resources */,
			);
			buildRules = (
			);
			dependencies = (
				2DE8A7321F80E203004B8D15 /* PBXTargetDependency */,
			);
			name = StudyDesignPatternTests;
			productName = StudyDesignPatternTests;
			productReference = 2DE8A72C1F80E203004B8D15 /* StudyDesignPatternTests.xctest */;
			productType = "com.apple.product-type.bundle.unit-test";
		};
/* End PBXNativeTarget section */

/* Begin PBXProject section */
		2D95D8F91F7FDD2B0011D7AB /* Project object */ = {
			isa = PBXProject;
			attributes = {
				LastUpgradeCheck = 0830;
				ORGANIZATIONNAME = NHNENT;
				TargetAttributes = {
					2D95D9001F7FDD2B0011D7AB = {
						CreatedOnToolsVersion = 8.3.3;
						ProvisioningStyle = Automatic;
					};
					2DE8A72B1F80E203004B8D15 = {
						CreatedOnToolsVersion = 8.3.3;
						ProvisioningStyle = Automatic;
						TestTargetID = 2D95D9001F7FDD2B0011D7AB;
					};
				};
			};
			buildConfigurationList = 2D95D8FC1F7FDD2B0011D7AB /* Build configuration list for PBXProject "StudyDesignPattern" */;
			compatibilityVersion = "Xcode 3.2";
			developmentRegion = English;
			hasScannedForEncodings = 0;
			knownRegions = (
				en,
				Base,
			);
			mainGroup = 2D95D8F81F7FDD2B0011D7AB;
			productRefGroup = 2D95D9021F7FDD2B0011D7AB /* Products */;
			projectDirPath = "";
			projectRoot = "";
			targets = (
				2D95D9001F7FDD2B0011D7AB /* StudyDesignPattern */,
				2DE8A72B1F80E203004B8D15 /* StudyDesignPatternTests */,
			);
		};
/* End PBXProject section */

/* Begin PBXResourcesBuildPhase section */
		2D95D8FF1F7FDD2B0011D7AB /* Resources */ = {
			isa = PBXResourcesBuildPhase;
			buildActionMask = 2147483647;
			files = (
				2DD6C0BE1F8298CF002443C6 /* addressBook.json in Resources */,
				2D95D9111F7FDD2B0011D7AB /* Assets.xcassets in Resources */,
			);
			runOnlyForDeploymentPostprocessing = 0;
		};
		2DE8A72A1F80E203004B8D15 /* Resources */ = {
			isa = PBXResourcesBuildPhase;
			buildActionMask = 2147483647;
			files = (
				2DE8A7381F80E530004B8D15 /* addressBook.json in Resources */,
			);
			runOnlyForDeploymentPostprocessing = 0;
		};
/* End PBXResourcesBuildPhase section */

/* Begin PBXSourcesBuildPhase section */
		2D95D8FD1F7FDD2B0011D7AB /* Sources */ = {
			isa = PBXSourcesBuildPhase;
			buildActionMask = 2147483647;
			files = (
				2D95D9091F7FDD2B0011D7AB /* AppDelegate.m in Sources */,
				2D48FC241FAB56E70029266A /* NPMainDependencyInjector.m in Sources */,
				2DCEC2BD1FAC8FA8001C45B4 /* NPPointChargeMainDataSource.m in Sources */,
				2DCEC29E1FAC54ED001C45B4 /* NPPointChargeMainDependencyInjector.m in Sources */,
				2DCEC2B31FAC842F001C45B4 /* DeviceInfo.m in Sources */,
				2D48FC171FAB565C0029266A /* NPMainWireFrame.m in Sources */,
				2D95D9061F7FDD2B0011D7AB /* main.m in Sources */,
				2D9E47561FAFFCA100D69850 /* NPPointChargePopupPresenter.m in Sources */,
				2D48FC1E1FAB567C0029266A /* NPMainInteractor.m in Sources */,
				2DCEC2B01FAC7F54001C45B4 /* NPBaseWireFrame.m in Sources */,
				2D9E475D1FAFFEF600D69850 /* NPPointChargePopupDependencyInjector.m in Sources */,
				2D9E47591FAFFCAA00D69850 /* NPPointChargePopupInteractor.m in Sources */,
				2D95D9231F7FE57D0011D7AB /* UIView+TUMLayout.m in Sources */,
				2D48FC0F1FAB55990029266A /* NPMainViewController.m in Sources */,
				2DCEC2921FAC54BA001C45B4 /* NPPointChargeMainWireFrame.m in Sources */,
				2DCEC29B1FAC54DB001C45B4 /* NPPointChargeMainDataManager.m in Sources */,
				2DCEC2B61FAC88CA001C45B4 /* NPBasePresenter.m in Sources */,
				2DCEC2881FAC5443001C45B4 /* NPPointChargeMainViewController.m in Sources */,
				2DCEC2951FAC54CE001C45B4 /* NPPointChargeMainPresenter.m in Sources */,
				2DCEC2981FAC54D4001C45B4 /* NPPointChargeMainInteractor.m in Sources */,
				2DCEC2C01FAC901B001C45B4 /* NPBaseCollectionViewCell.m in Sources */,
				2D9E47501FAFFC8E00D69850 /* NPPointChargePopupWireFrame.m in Sources */,
				2D48FC1B1FAB56740029266A /* NPMainPresenter.m in Sources */,
				2D9E47531FAFFC9900D69850 /* NPPointChargePopupViewController.m in Sources */,
				2DCEC2B91FAC8A4E001C45B4 /* NPBaseDependencyInjector.m in Sources */,
			);
			runOnlyForDeploymentPostprocessing = 0;
		};
		2DE8A7281F80E203004B8D15 /* Sources */ = {
			isa = PBXSourcesBuildPhase;
			buildActionMask = 2147483647;
			files = (
			);
			runOnlyForDeploymentPostprocessing = 0;
		};
/* End PBXSourcesBuildPhase section */

/* Begin PBXTargetDependency section */
		2DE8A7321F80E203004B8D15 /* PBXTargetDependency */ = {
			isa = PBXTargetDependency;
			target = 2D95D9001F7FDD2B0011D7AB /* StudyDesignPattern */;
			targetProxy = 2DE8A7311F80E203004B8D15 /* PBXContainerItemProxy */;
		};
/* End PBXTargetDependency section */

/* Begin XCBuildConfiguration section */
		2D95D9161F7FDD2B0011D7AB /* Debug */ = {
			isa = XCBuildConfiguration;
			buildSettings = {
				ALWAYS_SEARCH_USER_PATHS = NO;
				CLANG_ANALYZER_NONNULL = YES;
				CLANG_ANALYZER_NUMBER_OBJECT_CONVERSION = YES_AGGRESSIVE;
				CLANG_CXX_LANGUAGE_STANDARD = "gnu++0x";
				CLANG_CXX_LIBRARY = "libc++";
				CLANG_ENABLE_MODULES = YES;
				CLANG_ENABLE_OBJC_ARC = YES;
				CLANG_WARN_BOOL_CONVERSION = YES;
				CLANG_WARN_CONSTANT_CONVERSION = YES;
				CLANG_WARN_DIRECT_OBJC_ISA_USAGE = YES_ERROR;
				CLANG_WARN_DOCUMENTATION_COMMENTS = YES;
				CLANG_WARN_EMPTY_BODY = YES;
				CLANG_WARN_ENUM_CONVERSION = YES;
				CLANG_WARN_INFINITE_RECURSION = YES;
				CLANG_WARN_INT_CONVERSION = YES;
				CLANG_WARN_OBJC_ROOT_CLASS = YES_ERROR;
				CLANG_WARN_SUSPICIOUS_MOVE = YES;
				CLANG_WARN_UNREACHABLE_CODE = YES;
				CLANG_WARN__DUPLICATE_METHOD_MATCH = YES;
				"CODE_SIGN_IDENTITY[sdk=iphoneos*]" = "iPhone Developer";
				COPY_PHASE_STRIP = NO;
				DEBUG_INFORMATION_FORMAT = dwarf;
				ENABLE_STRICT_OBJC_MSGSEND = YES;
				ENABLE_TESTABILITY = YES;
				GCC_C_LANGUAGE_STANDARD = gnu99;
				GCC_DYNAMIC_NO_PIC = NO;
				GCC_NO_COMMON_BLOCKS = YES;
				GCC_OPTIMIZATION_LEVEL = 0;
				GCC_PREPROCESSOR_DEFINITIONS = (
					"DEBUG=1",
					"$(inherited)",
				);
				GCC_WARN_64_TO_32_BIT_CONVERSION = YES;
				GCC_WARN_ABOUT_RETURN_TYPE = YES_ERROR;
				GCC_WARN_UNDECLARED_SELECTOR = YES;
				GCC_WARN_UNINITIALIZED_AUTOS = YES_AGGRESSIVE;
				GCC_WARN_UNUSED_FUNCTION = YES;
				GCC_WARN_UNUSED_VARIABLE = YES;
				IPHONEOS_DEPLOYMENT_TARGET = 10.3;
				MTL_ENABLE_DEBUG_INFO = YES;
				ONLY_ACTIVE_ARCH = YES;
				SDKROOT = iphoneos;
				TARGETED_DEVICE_FAMILY = "1,2";
			};
			name = Debug;
		};
		2D95D9171F7FDD2B0011D7AB /* Release */ = {
			isa = XCBuildConfiguration;
			buildSettings = {
				ALWAYS_SEARCH_USER_PATHS = NO;
				CLANG_ANALYZER_NONNULL = YES;
				CLANG_ANALYZER_NUMBER_OBJECT_CONVERSION = YES_AGGRESSIVE;
				CLANG_CXX_LANGUAGE_STANDARD = "gnu++0x";
				CLANG_CXX_LIBRARY = "libc++";
				CLANG_ENABLE_MODULES = YES;
				CLANG_ENABLE_OBJC_ARC = YES;
				CLANG_WARN_BOOL_CONVERSION = YES;
				CLANG_WARN_CONSTANT_CONVERSION = YES;
				CLANG_WARN_DIRECT_OBJC_ISA_USAGE = YES_ERROR;
				CLANG_WARN_DOCUMENTATION_COMMENTS = YES;
				CLANG_WARN_EMPTY_BODY = YES;
				CLANG_WARN_ENUM_CONVERSION = YES;
				CLANG_WARN_INFINITE_RECURSION = YES;
				CLANG_WARN_INT_CONVERSION = YES;
				CLANG_WARN_OBJC_ROOT_CLASS = YES_ERROR;
				CLANG_WARN_SUSPICIOUS_MOVE = YES;
				CLANG_WARN_UNREACHABLE_CODE = YES;
				CLANG_WARN__DUPLICATE_METHOD_MATCH = YES;
				"CODE_SIGN_IDENTITY[sdk=iphoneos*]" = "iPhone Developer";
				COPY_PHASE_STRIP = NO;
				DEBUG_INFORMATION_FORMAT = "dwarf-with-dsym";
				ENABLE_NS_ASSERTIONS = NO;
				ENABLE_STRICT_OBJC_MSGSEND = YES;
				GCC_C_LANGUAGE_STANDARD = gnu99;
				GCC_NO_COMMON_BLOCKS = YES;
				GCC_WARN_64_TO_32_BIT_CONVERSION = YES;
				GCC_WARN_ABOUT_RETURN_TYPE = YES_ERROR;
				GCC_WARN_UNDECLARED_SELECTOR = YES;
				GCC_WARN_UNINITIALIZED_AUTOS = YES_AGGRESSIVE;
				GCC_WARN_UNUSED_FUNCTION = YES;
				GCC_WARN_UNUSED_VARIABLE = YES;
				IPHONEOS_DEPLOYMENT_TARGET = 10.3;
				MTL_ENABLE_DEBUG_INFO = NO;
				SDKROOT = iphoneos;
				TARGETED_DEVICE_FAMILY = "1,2";
				VALIDATE_PRODUCT = YES;
			};
			name = Release;
		};
		2D95D9191F7FDD2B0011D7AB /* Debug */ = {
			isa = XCBuildConfiguration;
			buildSettings = {
				ASSETCATALOG_COMPILER_APPICON_NAME = AppIcon;
				GCC_PRECOMPILE_PREFIX_HEADER = YES;
				GCC_PREFIX_HEADER = StudyDesignPattern/StudyDesignPatternPrefix.pch;
				INFOPLIST_FILE = StudyDesignPattern/Info.plist;
				LD_RUNPATH_SEARCH_PATHS = "$(inherited) @executable_path/Frameworks";
				PRODUCT_BUNDLE_IDENTIFIER = com.nhnent.StudyDesignPattern;
				PRODUCT_NAME = "$(TARGET_NAME)";
			};
			name = Debug;
		};
		2D95D91A1F7FDD2B0011D7AB /* Release */ = {
			isa = XCBuildConfiguration;
			buildSettings = {
				ASSETCATALOG_COMPILER_APPICON_NAME = AppIcon;
				GCC_PRECOMPILE_PREFIX_HEADER = YES;
				GCC_PREFIX_HEADER = StudyDesignPattern/StudyDesignPatternPrefix.pch;
				INFOPLIST_FILE = StudyDesignPattern/Info.plist;
				LD_RUNPATH_SEARCH_PATHS = "$(inherited) @executable_path/Frameworks";
				PRODUCT_BUNDLE_IDENTIFIER = com.nhnent.StudyDesignPattern;
				PRODUCT_NAME = "$(TARGET_NAME)";
			};
			name = Release;
		};
		2DE8A7331F80E203004B8D15 /* Debug */ = {
			isa = XCBuildConfiguration;
			buildSettings = {
				BUNDLE_LOADER = "$(TEST_HOST)";
				INFOPLIST_FILE = StudyDesignPatternTests/Info.plist;
				LD_RUNPATH_SEARCH_PATHS = "$(inherited) @executable_path/Frameworks @loader_path/Frameworks";
				PRODUCT_BUNDLE_IDENTIFIER = com.nhnent.StudyDesignPatternTests;
				PRODUCT_NAME = "$(TARGET_NAME)";
				TEST_HOST = "$(BUILT_PRODUCTS_DIR)/StudyDesignPattern.app/StudyDesignPattern";
			};
			name = Debug;
		};
		2DE8A7341F80E203004B8D15 /* Release */ = {
			isa = XCBuildConfiguration;
			buildSettings = {
				BUNDLE_LOADER = "$(TEST_HOST)";
				INFOPLIST_FILE = StudyDesignPatternTests/Info.plist;
				LD_RUNPATH_SEARCH_PATHS = "$(inherited) @executable_path/Frameworks @loader_path/Frameworks";
				PRODUCT_BUNDLE_IDENTIFIER = com.nhnent.StudyDesignPatternTests;
				PRODUCT_NAME = "$(TARGET_NAME)";
				TEST_HOST = "$(BUILT_PRODUCTS_DIR)/StudyDesignPattern.app/StudyDesignPattern";
			};
			name = Release;
		};
/* End XCBuildConfiguration section */

/* Begin XCConfigurationList section */
		2D95D8FC1F7FDD2B0011D7AB /* Build configuration list for PBXProject "StudyDesignPattern" */ = {
			isa = XCConfigurationList;
			buildConfigurations = (
				2D95D9161F7FDD2B0011D7AB /* Debug */,
				2D95D9171F7FDD2B0011D7AB /* Release */,
			);
			defaultConfigurationIsVisible = 0;
			defaultConfigurationName = Release;
		};
		2D95D9181F7FDD2B0011D7AB /* Build configuration list for PBXNativeTarget "StudyDesignPattern" */ = {
			isa = XCConfigurationList;
			buildConfigurations = (
				2D95D9191F7FDD2B0011D7AB /* Debug */,
				2D95D91A1F7FDD2B0011D7AB /* Release */,
			);
			defaultConfigurationIsVisible = 0;
			defaultConfigurationName = Release;
		};
		2DE8A7351F80E203004B8D15 /* Build configuration list for PBXNativeTarget "StudyDesignPatternTests" */ = {
			isa = XCConfigurationList;
			buildConfigurations = (
				2DE8A7331F80E203004B8D15 /* Debug */,
				2DE8A7341F80E203004B8D15 /* Release */,
			);
			defaultConfigurationIsVisible = 0;
			defaultConfigurationName = Release;
		};
/* End XCConfigurationList section */
	};
	rootObject = 2D95D8F91F7FDD2B0011D7AB /* Project object */;
}
